
Microsoft Visual Studio Solution File, Format Version 12.00
# Visual Studio Version 16
VisualStudioVersion = 16.0.35731.53
MinimumVisualStudioVersion = 10.0.40219.1
Project("{FAE04EC0-301F-11D3-BF4B-00C04F79EFBC}") = "CapaPresentacionAdmin", "CapaPresentacionAdmin.csproj", "{29FF7511-3BF0-4098-B2DB-B4F24A5142D3}"
EndProject
Project("{FAE04EC0-301F-11D3-BF4B-00C04F79EFBC}") = "CapaPresentacionTienda", "..\CapaPresentacionTienda\CapaPresentacionTienda.csproj", "{EEC71204-79EF-4381-896F-3C38B6ECD6B9}"
EndProject
Project("{FAE04EC0-301F-11D3-BF4B-00C04F79EFBC}") = "CapaDatos", "..\CapaDatos\CapaDatos.csproj", "{DDE40C7F-65D6-4054-A34D-DCB5AC477F58}"
EndProject
Project("{FAE04EC0-301F-11D3-BF4B-00C04F79EFBC}") = "CapaEntidad", "..\CapaEntidad\CapaEntidad.csproj", "{5F94A7E0-3D76-4A85-81DB-B521FDB5AED1}"
EndProject
Project("{FAE04EC0-301F-11D3-BF4B-00C04F79EFBC}") = "CapaNegocio", "..\CapaNegocio\CapaNegocio.csproj", "{CDAE008E-FE80-4595-986D-A4E5A8141B06}"
EndProject
Global
	GlobalSection(SolutionConfigurationPlatforms) = preSolution
		Debug|Any CPU = Debug|Any CPU
		Release|Any CPU = Release|Any CPU
	EndGlobalSection
	GlobalSection(ProjectConfigurationPlatforms) = postSolution
		{29FF7511-3BF0-4098-B2DB-B4F24A5142D3}.Debug|Any CPU.ActiveCfg = Debug|Any CPU
		{29FF7511-3BF0-4098-B2DB-B4F24A5142D3}.Debug|Any CPU.Build.0 = Debug|Any CPU
		{29FF7511-3BF0-4098-B2DB-B4F24A5142D3}.Release|Any CPU.ActiveCfg = Release|Any CPU
		{29FF7511-3BF0-4098-B2DB-B4F24A5142D3}.Release|Any CPU.Build.0 = Release|Any CPU
		{EEC71204-79EF-4381-896F-3C38B6ECD6B9}.Debug|Any CPU.ActiveCfg = Debug|Any CPU
		{EEC71204-79EF-4381-896F-3C38B6ECD6B9}.Debug|Any CPU.Build.0 = Debug|Any CPU
		{EEC71204-79EF-4381-896F-3C38B6ECD6B9}.Release|Any CPU.ActiveCfg = Release|Any CPU
		{EEC71204-79EF-4381-896F-3C38B6ECD6B9}.Release|Any CPU.Build.0 = Release|Any CPU
		{DDE40C7F-65D6-4054-A34D-DCB5AC477F58}.Debug|Any CPU.ActiveCfg = Debug|Any CPU
		{DDE40C7F-65D6-4054-A34D-DCB5AC477F58}.Debug|Any CPU.Build.0 = Debug|Any CPU
		{DDE40C7F-65D6-4054-A34D-DCB5AC477F58}.Release|Any CPU.ActiveCfg = Release|Any CPU
		{DDE40C7F-65D6-4054-A34D-DCB5AC477F58}.Release|Any CPU.Build.0 = Release|Any CPU
		{5F94A7E0-3D76-4A85-81DB-B521FDB5AED1}.Debug|Any CPU.ActiveCfg = Debug|Any CPU
		{5F94A7E0-3D76-4A85-81DB-B521FDB5AED1}.Debug|Any CPU.Build.0 = Debug|Any CPU
		{5F94A7E0-3D76-4A85-81DB-B521FDB5AED1}.Release|Any CPU.ActiveCfg = Release|Any CPU
		{5F94A7E0-3D76-4A85-81DB-B521FDB5AED1}.Release|Any CPU.Build.0 = Release|Any CPU
		{CDAE008E-FE80-4595-986D-A4E5A8141B06}.Debug|Any CPU.ActiveCfg = Debug|Any CPU
		{CDAE008E-FE80-4595-986D-A4E5A8141B06}.Debug|Any CPU.Build.0 = Debug|Any CPU
		{CDAE008E-FE80-4595-986D-A4E5A8141B06}.Release|Any CPU.ActiveCfg = Release|Any CPU
		{CDAE008E-FE80-4595-986D-A4E5A8141B06}.Release|Any CPU.Build.0 = Release|Any CPU
	EndGlobalSection
	GlobalSection(SolutionProperties) = preSolution
		HideSolutionNode = FALSE
	EndGlobalSection
	GlobalSection(ExtensibilityGlobals) = postSolution
		SolutionGuid = {05FE8360-9274-4653-9EA7-361D96D2D852}
	EndGlobalSection
EndGlobal
